Microsoft Visual Studio Solution File, Format Version 12.00
# Visual Studio Version 17
VisualStudioVersion = 17.0.31903.59
MinimumVisualStudioVersion = 10.0.40219.1
Project("{9A19103F-16F7-4668-BE54-9A1E7A4F7556}") = "CsXFL", "CsXFL\CsXFL.csproj", "{A3ACAE7E-1C44-44E1-9AE5-788565025371}"
EndProject
Project("{9A19103F-16F7-4668-BE54-9A1E7A4F7556}") = "CsXFL.Tests", "CsXFL.Tests\CsXFL.Tests.csproj", "{2C8BB7B2-19E0-4579-9CCA-7AF0540B17AD}"
EndProject
Project("{9A19103F-16F7-4668-BE54-9A1E7A4F7556}") = "SceneGenerator", "SceneGenerator\SceneGenerator.csproj", "{20CC5EAF-375A-46AA-AAE4-4CFC17519E9F}"
EndProject
Project("{9A19103F-16F7-4668-BE54-9A1E7A4F7556}") = "CXFLGUI", "CXFLGUI\CXFLGUI.csproj", "{DC0F4ADD-D8C1-48B7-BB65-71C8D2688B4E}"
EndProject
Global
	GlobalSection(SolutionConfigurationPlatforms) = preSolution
		Debug|Any CPU = Debug|Any CPU
		Debug|x64 = Debug|x64
		Release|Any CPU = Release|Any CPU
		Release|x64 = Release|x64
	EndGlobalSection
	GlobalSection(ProjectConfigurationPlatforms) = postSolution
		{A3ACAE7E-1C44-44E1-9AE5-788565025371}.Debug|Any CPU.ActiveCfg = Debug|Any CPU
		{A3ACAE7E-1C44-44E1-9AE5-788565025371}.Debug|Any CPU.Build.0 = Debug|Any CPU
		{A3ACAE7E-1C44-44E1-9AE5-788565025371}.Debug|x64.ActiveCfg = Debug|x64
		{A3ACAE7E-1C44-44E1-9AE5-788565025371}.Debug|x64.Build.0 = Debug|x64
		{A3ACAE7E-1C44-44E1-9AE5-788565025371}.Release|Any CPU.ActiveCfg = Release|Any CPU
		{A3ACAE7E-1C44-44E1-9AE5-788565025371}.Release|Any CPU.Build.0 = Release|Any CPU
		{A3ACAE7E-1C44-44E1-9AE5-788565025371}.Release|x64.ActiveCfg = Release|x64
		{A3ACAE7E-1C44-44E1-9AE5-788565025371}.Release|x64.Build.0 = Release|x64
		{2C8BB7B2-19E0-4579-9CCA-7AF0540B17AD}.Debug|Any CPU.ActiveCfg = Debug|Any CPU
		{2C8BB7B2-19E0-4579-9CCA-7AF0540B17AD}.Debug|Any CPU.Build.0 = Debug|Any CPU
		{2C8BB7B2-19E0-4579-9CCA-7AF0540B17AD}.Debug|x64.ActiveCfg = Debug|Any CPU
		{2C8BB7B2-19E0-4579-9CCA-7AF0540B17AD}.Debug|x64.Build.0 = Debug|Any CPU
		{2C8BB7B2-19E0-4579-9CCA-7AF0540B17AD}.Release|Any CPU.ActiveCfg = Release|Any CPU
		{2C8BB7B2-19E0-4579-9CCA-7AF0540B17AD}.Release|Any CPU.Build.0 = Release|Any CPU
		{2C8BB7B2-19E0-4579-9CCA-7AF0540B17AD}.Release|x64.ActiveCfg = Release|Any CPU
		{2C8BB7B2-19E0-4579-9CCA-7AF0540B17AD}.Release|x64.Build.0 = Release|Any CPU
		{20CC5EAF-375A-46AA-AAE4-4CFC17519E9F}.Debug|Any CPU.ActiveCfg = Debug|Any CPU
		{20CC5EAF-375A-46AA-AAE4-4CFC17519E9F}.Debug|Any CPU.Build.0 = Debug|Any CPU
		{20CC5EAF-375A-46AA-AAE4-4CFC17519E9F}.Debug|x64.ActiveCfg = Debug|Any CPU
		{20CC5EAF-375A-46AA-AAE4-4CFC17519E9F}.Debug|x64.Build.0 = Debug|Any CPU
		{20CC5EAF-375A-46AA-AAE4-4CFC17519E9F}.Release|Any CPU.ActiveCfg = Release|Any CPU
		{20CC5EAF-375A-46AA-AAE4-4CFC17519E9F}.Release|Any CPU.Build.0 = Release|Any CPU
		{20CC5EAF-375A-46AA-AAE4-4CFC17519E9F}.Release|x64.ActiveCfg = Release|Any CPU
		{20CC5EAF-375A-46AA-AAE4-4CFC17519E9F}.Release|x64.Build.0 = Release|Any CPU
		{DC0F4ADD-D8C1-48B7-BB65-71C8D2688B4E}.Debug|Any CPU.ActiveCfg = Debug|Any CPU
		{DC0F4ADD-D8C1-48B7-BB65-71C8D2688B4E}.Debug|Any CPU.Build.0 = Debug|Any CPU
		{DC0F4ADD-D8C1-48B7-BB65-71C8D2688B4E}.Debug|Any CPU.Deploy.0 = Debug|Any CPU
		{DC0F4ADD-D8C1-48B7-BB65-71C8D2688B4E}.Debug|x64.ActiveCfg = Debug|Any CPU
		{DC0F4ADD-D8C1-48B7-BB65-71C8D2688B4E}.Debug|x64.Build.0 = Debug|Any CPU
		{DC0F4ADD-D8C1-48B7-BB65-71C8D2688B4E}.Debug|x64.Deploy.0 = Debug|Any CPU
		{DC0F4ADD-D8C1-48B7-BB65-71C8D2688B4E}.Release|Any CPU.ActiveCfg = Release|Any CPU
		{DC0F4ADD-D8C1-48B7-BB65-71C8D2688B4E}.Release|Any CPU.Build.0 = Release|Any CPU
		{DC0F4ADD-D8C1-48B7-BB65-71C8D2688B4E}.Release|Any CPU.Deploy.0 = Release|Any CPU
		{DC0F4ADD-D8C1-48B7-BB65-71C8D2688B4E}.Release|x64.ActiveCfg = Release|Any CPU
		{DC0F4ADD-D8C1-48B7-BB65-71C8D2688B4E}.Release|x64.Build.0 = Release|Any CPU
		{DC0F4ADD-D8C1-48B7-BB65-71C8D2688B4E}.Release|x64.Deploy.0 = Release|Any CPU
	EndGlobalSection
	GlobalSection(SolutionProperties) = preSolution
		HideSolutionNode = FALSE
	EndGlobalSection
	GlobalSection(ExtensibilityGlobals) = postSolution
		SolutionGuid = {B4E301CC-4C65-4FEE-A3AD-056F9D7F8184}
	EndGlobalSection
EndGlobal
